{
  "lockfileVersion": 1,
  "configVersion": 1,
  "workspaces": {
    "": {
      "devDependencies": {
        "@types/bun": "latest",
      },
    },
    "libs/agent-browser": {
      "name": "agent-browser",
      "dependencies": {
        "agent-browser": "0.27.0",
      },
    },
    "libs/audio-record": {
      "name": "audio-record",
      "bin": "index.ts",
    },
    "libs/dlna": {
      "name": "dlna",
      "bin": "index.ts",
      "dependencies": {
        "fast-xml-parser": "5.8.0",
      },
    },
    "libs/headscale": {
      "name": "headscale",
      "bin": "index.ts",
    },
    "libs/mihomo": {
      "name": "mihomo",
      "bin": "index.ts",
    },
    "libs/prometheus": {
      "name": "prometheus",
      "bin": "index.ts",
    },
    "libs/quickwit": {
      "name": "quickwit",
      "bin": "index.ts",
    },
    "libs/service": {
      "name": "service",
      "bin": "index.ts",
    },
    "libs/setup": {
      "name": "setup",
      "bin": "index.ts",
    },
    "libs/t2i": {
      "name": "t2i",
      "bin": "index.ts",
    },
    "libs/telegram": {
      "name": "telegram",
      "bin": "index.ts",
    },
    "libs/tts": {
      "name": "tts",
      "bin": "index.ts",
    },
    "libs/vault": {
      "name": "vault",
      "bin": "index.ts",
    },
    "libs/weixin": {
      "name": "weixin",
      "bin": "index.ts",
      "dependencies": {
        "qrcode-terminal": "0.12.0",
      },
    },
    "libs/wiki": {
      "name": "wiki",
      "bin": "index.ts",
    },
    "libs/xiaohongshu": {
      "name": "xiaohongshu",
      "bin": "index.ts",
    },
    "libs/zhihu": {
      "name": "zhihu",
      "bin": "index.ts",
    },
    "libs/zhipin": {
      "name": "zhipin",
      "bin": "index.ts",
    },
  },
  "packages": {
    "@nodable/entities": ["@nodable/entities@2.2.0", "", {}, "sha512-9uGyhaQavEUMC8AIddIjau4NsnsXhou+j5sBAGojCM1oxmQpVKTWR/9JxABD6UAv12vpIms55fPZKFQEhG6uBg=="],

    "@types/bun": ["@types/bun@1.3.14", "", { "dependencies": { "bun-types": "1.3.14" } }, "sha512-h1hFqFVcvAvD9j9K7ZW7vd82aSA+rTdznZa+5bwvCwqSB1jmmfLcbIWhOLx1/+boy/xmjgCs/OMUL8hRJSmnPw=="],

    "@types/node": ["@types/node@25.8.0", "", { "dependencies": { "undici-types": ">=7.24.0 <7.24.7" } }, "sha512-TCFSk8IZh+iLX1xtksoBVtdmgL+1IX0fC9BeU4QqFSuNdN/K+HUlhqOzEmSYYpZUVsLYcPqc9KX+60iDuninSQ=="],

    "agent-browser": ["agent-browser@workspace:libs/agent-browser"],

    "anynum": ["anynum@1.0.1", "", {}, "sha512-N6//FLET/tXYNM/F6ABca1oH6fWB+KlTt909Le28WMDBk8oaT4vY17DCrwg2MvmuqUKt3Ni4N5dGJ/EoBgcO6A=="],

    "audio-record": ["audio-record@workspace:libs/audio-record"],

    "bun-types": ["bun-types@1.3.14", "", { "dependencies": { "@types/node": "*" } }, "sha512-4N0ig0fEomHt5R0KCFWjovxow98rIoRwKolrYdCcknNwMekCXRnWEUvgu5soYV8QXtVsrUD8B95MBOZGPvr6KQ=="],

    "dlna": ["dlna@workspace:libs/dlna"],

    "fast-xml-builder": ["fast-xml-builder@1.2.0", "", { "dependencies": { "path-expression-matcher": "^1.5.0", "xml-naming": "^0.1.0" } }, "sha512-00aAWieqff+ZJhsXA4g1g7M8k+7AYoMUUHF+/zFb5U6Uv/P0Vl4QZo84/IcufzYalLuEj9928bXN9PbbFzMF0Q=="],

    "fast-xml-parser": ["fast-xml-parser@5.8.0", "", { "dependencies": { "@nodable/entities": "^2.1.0", "fast-xml-builder": "^1.2.0", "path-expression-matcher": "^1.5.0", "strnum": "^2.3.0", "xml-naming": "^0.1.0" }, "bin": { "fxparser": "src/cli/cli.js" } }, "sha512-6bIM7fsJxeo3uXv7OncQYsBAMPJ7V16Slahl/6M98C/i2q+vB1+4a0MtrvYwDFEUrwDSbAmeLDRXsOBwrL7yAg=="],

    "headscale": ["headscale@workspace:libs/headscale"],

    "mihomo": ["mihomo@workspace:libs/mihomo"],

    "path-expression-matcher": ["path-expression-matcher@1.6.0", "", {}, "sha512-e5y7RCLHKjemsgQ4eqGJtPyr10ILz25HO7flzxhTV8bgvd5yHx98DGtCAtbVW9f2TqnYI/gEVZd+vz7snrdPTw=="],

    "prometheus": ["prometheus@workspace:libs/prometheus"],

    "qrcode-terminal": ["qrcode-terminal@0.12.0", "", { "bin": { "qrcode-terminal": "./bin/qrcode-terminal.js" } }, "sha512-EXtzRZmC+YGmGlDFbXKxQiMZNwCLEO6BANKXG4iCtSIM0yqc/pappSx3RIKr4r0uh5JsBckOXeKrB3Iz7mdQpQ=="],

    "quickwit": ["quickwit@workspace:libs/quickwit"],

    "service": ["service@workspace:libs/service"],

    "setup": ["setup@workspace:libs/setup"],

    "strnum": ["strnum@2.4.1", "", { "dependencies": { "anynum": "^1.0.1" } }, "sha512-M9eUSMT2dCB2cTNPG7UYj6KuK7RJR2SN2+yCV/fTW3xzTCS6EaGZ5pSMgDIjB7r8zSfTGk+dvvn9rTjpVS9Mwg=="],

    "t2i": ["t2i@workspace:libs/t2i"],

    "telegram": ["telegram@workspace:libs/telegram"],

    "tts": ["tts@workspace:libs/tts"],

    "undici-types": ["undici-types@7.24.6", "", {}, "sha512-WRNW+sJgj5OBN4/0JpHFqtqzhpbnV0GuB+OozA9gCL7a993SmU+1JBZCzLNxYsbMfIeDL+lTsphD5jN5N+n0zg=="],

    "vault": ["vault@workspace:libs/vault"],

    "weixin": ["weixin@workspace:libs/weixin"],

    "wiki": ["wiki@workspace:libs/wiki"],

    "xiaohongshu": ["xiaohongshu@workspace:libs/xiaohongshu"],

    "xml-naming": ["xml-naming@0.1.0", "", {}, "sha512-k8KO9hrMyNk6tUWqUfkTEZbezRRpONVOzUTnc97VnCvyj6Tf9lyUR9EDAIeiVLv56jsMcoXEwjW8Kv5yPY52lw=="],

    "zhihu": ["zhihu@workspace:libs/zhihu"],

    "zhipin": ["zhipin@workspace:libs/zhipin"],

    "agent-browser/agent-browser": ["agent-browser@0.27.0", "", { "bin": { "agent-browser": "bin/agent-browser.js" } }, "sha512-mmHzVsYFVA6nshNNGJzg83aVMgKpf4h98ytY3pvtJB1Cot0ZyA2bfnkbSngGD56Azkj+GlhVH6qx9DfKOVE0yg=="],
  }
}
